
Microsoft Visual Studio Solution File, Format Version 12.00
# Visual Studio Version 17
VisualStudioVersion = 17.5.002.0
MinimumVisualStudioVersion = 10.0.40219.1
Project("{9A19103F-16F7-4668-BE54-9A1E7A4F7556}") = "MemberTest", "MemberTest\MemberTest.csproj", "{BA94CC1D-B2BA-4E67-AD82-4F00B3362BDC}"
EndProject
Global
	GlobalSection(SolutionConfigurationPlatforms) = preSolution
		Debug|Any CPU = Debug|Any CPU
		Release|Any CPU = Release|Any CPU
	EndGlobalSection
	GlobalSection(ProjectConfigurationPlatforms) = postSolution
		{BA94CC1D-B2BA-4E67-AD82-4F00B3362BDC}.Debug|Any CPU.ActiveCfg = Debug|Any CPU
		{BA94CC1D-B2BA-4E67-AD82-4F00B3362BDC}.Debug|Any CPU.Build.0 = Debug|Any CPU
		{BA94CC1D-B2BA-4E67-AD82-4F00B3362BDC}.Release|Any CPU.ActiveCfg = Release|Any CPU
		{BA94CC1D-B2BA-4E67-AD82-4F00B3362BDC}.Release|Any CPU.Build.0 = Release|Any CPU
	EndGlobalSection
	GlobalSection(SolutionProperties) = preSolution
		HideSolutionNode = FALSE
	EndGlobalSection
	GlobalSection(ExtensibilityGlobals) = postSolution
		SolutionGuid = {D33D51CB-0B0D-4975-8C7E-65A88BBEE748}
	EndGlobalSection
EndGlobal
